
Microsoft Visual Studio Solution File, Format Version 12.00
# Visual Studio 14
VisualStudioVersion = 14.0.24720.0
MinimumVisualStudioVersion = 10.0.40219.1
Project("{FAE04EC0-301F-11D3-BF4B-00C04F79EFBC}") = "WebMVCv13", "WebMVCv13\WebMVCv13.csproj", "{B1EDC656-E6F5-4BDE-9A86-85228D725C05}"
EndProject
Global
	GlobalSection(SolutionConfigurationPlatforms) = preSolution
		Debug|Any CPU = Debug|Any CPU
		Release|Any CPU = Release|Any CPU
	EndGlobalSection
	GlobalSection(ProjectConfigurationPlatforms) = postSolution
		{B1EDC656-E6F5-4BDE-9A86-85228D725C05}.Debug|Any CPU.ActiveCfg = Debug|Any CPU
		{B1EDC656-E6F5-4BDE-9A86-85228D725C05}.Debug|Any CPU.Build.0 = Debug|Any CPU
		{B1EDC656-E6F5-4BDE-9A86-85228D725C05}.Release|Any CPU.ActiveCfg = Release|Any CPU
		{B1EDC656-E6F5-4BDE-9A86-85228D725C05}.Release|Any CPU.Build.0 = Release|Any CPU
	EndGlobalSection
	GlobalSection(SolutionProperties) = preSolution
		HideSolutionNode = FALSE
	EndGlobalSection
	GlobalSection(ExtensibilityGlobals) = postSolution
		SolutionGuid = {C8402FC1-2587-4D66-855D-6CE098E3663D}
	EndGlobalSection
EndGlobal
